{"1.2.0",
[{<<"ecpool">>,{pkg,<<"ecpool">>,<<"0.4.2">>},0},
 {<<"epgsql">>,{pkg,<<"epgsql">>,<<"4.8.0">>},0},
 {<<"gproc">>,{pkg,<<"gproc">>,<<"0.8.0">>},1},
 {<<"roadrunner">>,{pkg,<<"roadrunner">>,<<"0.9.0">>},0},
 {<<"telemetry">>,{pkg,<<"telemetry">>,<<"1.4.2">>},1}]}.
[
{pkg_hash,[
 {<<"ecpool">>, <<"2F466096B81B9C945494CDF6A554ACAD4C31B0AC5A3D2B1929B822BA7C9B9F6E">>},
 {<<"epgsql">>, <<"C491B141B8C37BCE7B67F2079F168F339BB374A7CF9A286CB3B40AD1CD3FABE5">>},
 {<<"gproc">>, <<"CEA02C578589C61E5341FCE149EA36CCEF236CC2ECAC8691FBA408E7EA77EC2F">>},
 {<<"roadrunner">>, <<"18F7FFDB4AAA3C884D1EAA99711079179D6FCD1BD57186E8C218B9C619C2F9D5">>},
 {<<"telemetry">>, <<"A0CB522801DFFB1C49FE6E30561BADFFC7B6D0E180DB1300DF759FAA22062855">>}]},
{pkg_hash_ext,[
 {<<"ecpool">>, <<"4E834C138ABF742F281ECEBEF69D37C6D7BF0A4E8E23965CF3826E027B723ED2">>},
 {<<"epgsql">>, <<"00E550006A62FB439FC7E879419443C889C34605E9B9DC406029D8BAA1AD79D8">>},
 {<<"gproc">>, <<"580ADAFA56463B75263EF5A5DF4C86AF321F68694E7786CB057FD805D1E2A7DE">>},
 {<<"roadrunner">>, <<"B2C32930BD0AB2D7E261C0EB9D462335741F922ED7B92D747830CB7AA2F668F6">>},
 {<<"telemetry">>, <<"928F6495066506077862C0D1646609EED891A4326BEE3126BA54B60AF61FEBB1">>}]}
].
